<?xml version="1.0" encoding="utf-8"?>
<Project ToolsVersion="4.0" xmlns="http://schemas.microsoft.com/developer/msbuild/2003">
  <ItemGroup>
    <Filter Include="Source Files">
      <UniqueIdentifier>{4FC737F1-C7A5-4376-A066-2A32D752A2FF}</UniqueIdentifier>
      <Extensions>cpp;c;cc;cxx;c++;cppm;ixx;def;odl;idl;hpj;bat;asm;asmx</Extensions>
    </Filter>
    <Filter Include="Header Files">
      <UniqueIdentifier>{93995380-89BD-4b04-88EB-625FBE52EBFB}</UniqueIdentifier>
      <Extensions>h;hh;hpp;hxx;h++;hm;inl;inc;ipp;xsd</Extensions>
    </Filter>
    <Filter Include="Resource Files">
      <UniqueIdentifier>{67DA6AB6-F800-4c08-8B7A-83BB121AAD01}</UniqueIdentifier>
      <Extensions>rc;ico;cur;bmp;dlg;rc2;rct;bin;rgs;gif;jpg;jpeg;jpe;resx;tiff;tif;png;wav;mfcribbon-ms</Extensions>
    </Filter>
  </ItemGroup>
  <ItemGroup>
    <ClCompile Include="UnscopedEngine-Demo.cpp">
      <Filter>Source Files</Filter>
    </ClCompile>
    <ClCompile Include="Demo\DemoApplication.cpp">
      <Filter>Source Files</Filter>
    </ClCompile>
    <ClCompile Include="Demo\System\DemoEventHandler.cpp">
      <Filter>Source Files</Filter>
    </ClCompile>
    <ClCompile Include="Demo\Components\DemoInputComponent.cpp">
      <Filter>Source Files</Filter>
    </ClCompile>
    <ClCompile Include="Demo\Components\MovementComponent.cpp">
      <Filter>Source Files</Filter>
    </ClCompile>
    <ClCompile Include="Demo\Scenes\DX11\Color\Shaders\DX11ColorShader.cpp">
      <Filter>Source Files</Filter>
    </ClCompile>
    <ClCompile Include="Demo\Scenes\DX11\Terrain\Models\TerrainModel.cpp">
      <Filter>Source Files</Filter>
    </ClCompile>
    <ClCompile Include="Demo\Scenes\DX11\Texture\Models\TextureModel.cpp">
      <Filter>Source Files</Filter>
    </ClCompile>
    <ClCompile Include="Demo\Scenes\DX11\Texture\Shaders\DX11TextureShader.cpp">
      <Filter>Source Files</Filter>
    </ClCompile>
    <ClCompile Include="Demo\Scenes\DX11\Color\ColorScene.cpp">
      <Filter>Source Files</Filter>
    </ClCompile>
    <ClCompile Include="Demo\Scenes\DX11\Texture\Objects\DX11TextureObject.cpp">
      <Filter>Source Files</Filter>
    </ClCompile>
    <ClCompile Include="Demo\Scenes\DX11\Color\Models\PolygonModel.cpp">
      <Filter>Source Files</Filter>
    </ClCompile>
    <ClCompile Include="Demo\Scenes\DX11\Color\Models\TriangleModel.cpp">
      <Filter>Source Files</Filter>
    </ClCompile>
    <ClCompile Include="Demo\Scenes\DX11\Texture\TextureScene.cpp">
      <Filter>Source Files</Filter>
    </ClCompile>
    <ClCompile Include="Demo\Scenes\DX11\Terrain\TerrainScene.cpp">
      <Filter>Source Files</Filter>
    </ClCompile>
    <ClCompile Include="Demo\Scenes\DX11\Terrain\Shaders\DX11TerrainShader.cpp">
      <Filter>Source Files</Filter>
    </ClCompile>
    <ClCompile Include="Demo\Scenes\DX11\Terrain\Objects\TerrainObject.cpp">
      <Filter>Source Files</Filter>
    </ClCompile>
  </ItemGroup>
  <ItemGroup>
    <ClInclude Include="Demo\DemoApplication.h">
      <Filter>Header Files</Filter>
    </ClInclude>
    <ClInclude Include="Demo\System\DemoEventHandler.h">
      <Filter>Header Files</Filter>
    </ClInclude>
    <ClInclude Include="Demo\Components\DemoInputComponent.h">
      <Filter>Header Files</Filter>
    </ClInclude>
    <ClInclude Include="Demo\Components\MovementComponent.h">
      <Filter>Header Files</Filter>
    </ClInclude>
    <ClInclude Include="Demo\Scenes\DX11\Color\Shaders\DX11ColorShader.h">
      <Filter>Header Files</Filter>
    </ClInclude>
    <ClInclude Include="Demo\Scenes\DX11\Color\ColorScene.h">
      <Filter>Header Files</Filter>
    </ClInclude>
    <ClInclude Include="Demo\Scenes\DX11\Terrain\Objects\TerrainObject.h">
      <Filter>Header Files</Filter>
    </ClInclude>
    <ClInclude Include="Demo\Scenes\DX11\Terrain\Models\TerrainModel.h">
      <Filter>Header Files</Filter>
    </ClInclude>
    <ClInclude Include="Demo\Scenes\DX11\Texture\Models\TextureModel.h">
      <Filter>Header Files</Filter>
    </ClInclude>
    <ClInclude Include="Demo\Scenes\DX11\Terrain\Shaders\DX11TerrainShader.h">
      <Filter>Header Files</Filter>
    </ClInclude>
    <ClInclude Include="Demo\Scenes\DX11\Texture\Shaders\DX11TextureShader.h">
      <Filter>Header Files</Filter>
    </ClInclude>
    <ClInclude Include="Demo\Scenes\DX11\Texture\Objects\DX11TextureObject.h">
      <Filter>Header Files</Filter>
    </ClInclude>
    <ClInclude Include="Demo\Scenes\DX11\Color\Models\PolygonModel.h">
      <Filter>Header Files</Filter>
    </ClInclude>
    <ClInclude Include="Demo\Scenes\DX11\Color\Models\TriangleModel.h">
      <Filter>Header Files</Filter>
    </ClInclude>
    <ClInclude Include="Demo\Scenes\DX11\Color\Objects\DX11PolygonObject.h">
      <Filter>Header Files</Filter>
    </ClInclude>
    <ClInclude Include="Demo\Scenes\DX11\Texture\TextureScene.h">
      <Filter>Header Files</Filter>
    </ClInclude>
    <ClInclude Include="Demo\Scenes\DX11\Terrain\TerrainScene.h">
      <Filter>Header Files</Filter>
    </ClInclude>
  </ItemGroup>
  <ItemGroup>
    <FxCompile Include="Demo\Scenes\DX11\Color\HLSL\ColorPixelShader.hlsl" />
    <FxCompile Include="Demo\Scenes\DX11\Color\HLSL\ColorVertexShader.hlsl" />
    <FxCompile Include="Demo\Scenes\DX11\Texture\HLSL\TexturePixelShader.hlsl" />
    <FxCompile Include="Demo\Scenes\DX11\Texture\HLSL\TextureVertexShader.hlsl" />
    <FxCompile Include="Demo\Scenes\DX11\Terrain\HLSL\TerrainPixelShader.hlsl" />
    <FxCompile Include="Demo\Scenes\DX11\Terrain\HLSL\TerrainVertexShader.hlsl" />
  </ItemGroup>
</Project>